
Microsoft Visual Studio Solution File, Format Version 12.00
# Visual Studio Version 16
VisualStudioVersion = 16.0.29215.179
MinimumVisualStudioVersion = 10.0.40219.1
Project("{FAE04EC0-301F-11D3-BF4B-00C04F79EFBC}") = "EstateAgents.WebPortal", "EstateAgents.WebPortal\EstateAgents.WebPortal.csproj", "{662567F0-AD73-4671-962F-9053B42E40B7}"
EndProject
Project("{FAE04EC0-301F-11D3-BF4B-00C04F79EFBC}") = "EstateAgents.WebPortal.Tests", "EstateAgents.WebPortal.Tests\EstateAgents.WebPortal.Tests.csproj", "{66F2347E-3C97-4F6C-B5E5-33CD64E7263D}"
EndProject
Project("{2150E333-8FDC-42A3-9474-1A3956D46DE8}") = "Libraries", "Libraries", "{47D8BAED-B532-456A-9B73-753A2502FF65}"
EndProject
Project("{FAE04EC0-301F-11D3-BF4B-00C04F79EFBC}") = "EstateAgents.Library", "..\EstateAgents.Library\EstateAgents.Library\EstateAgents.Library.csproj", "{7BC0F342-22D4-41FA-BA64-9F55E734706B}"
EndProject
Global
	GlobalSection(SolutionConfigurationPlatforms) = preSolution
		Debug|Any CPU = Debug|Any CPU
		Release|Any CPU = Release|Any CPU
	EndGlobalSection
	GlobalSection(ProjectConfigurationPlatforms) = postSolution
		{662567F0-AD73-4671-962F-9053B42E40B7}.Debug|Any CPU.ActiveCfg = Debug|Any CPU
		{662567F0-AD73-4671-962F-9053B42E40B7}.Debug|Any CPU.Build.0 = Debug|Any CPU
		{662567F0-AD73-4671-962F-9053B42E40B7}.Release|Any CPU.ActiveCfg = Release|Any CPU
		{662567F0-AD73-4671-962F-9053B42E40B7}.Release|Any CPU.Build.0 = Release|Any CPU
		{66F2347E-3C97-4F6C-B5E5-33CD64E7263D}.Debug|Any CPU.ActiveCfg = Debug|Any CPU
		{66F2347E-3C97-4F6C-B5E5-33CD64E7263D}.Debug|Any CPU.Build.0 = Debug|Any CPU
		{66F2347E-3C97-4F6C-B5E5-33CD64E7263D}.Release|Any CPU.ActiveCfg = Release|Any CPU
		{66F2347E-3C97-4F6C-B5E5-33CD64E7263D}.Release|Any CPU.Build.0 = Release|Any CPU
		{7BC0F342-22D4-41FA-BA64-9F55E734706B}.Debug|Any CPU.ActiveCfg = Debug|Any CPU
		{7BC0F342-22D4-41FA-BA64-9F55E734706B}.Debug|Any CPU.Build.0 = Debug|Any CPU
		{7BC0F342-22D4-41FA-BA64-9F55E734706B}.Release|Any CPU.ActiveCfg = Release|Any CPU
		{7BC0F342-22D4-41FA-BA64-9F55E734706B}.Release|Any CPU.Build.0 = Release|Any CPU
	EndGlobalSection
	GlobalSection(SolutionProperties) = preSolution
		HideSolutionNode = FALSE
	EndGlobalSection
	GlobalSection(NestedProjects) = preSolution
		{7BC0F342-22D4-41FA-BA64-9F55E734706B} = {47D8BAED-B532-456A-9B73-753A2502FF65}
	EndGlobalSection
	GlobalSection(ExtensibilityGlobals) = postSolution
		SolutionGuid = {4A79123D-D1A6-4A2C-9E4E-9E613C00D6AF}
	EndGlobalSection
EndGlobal
