
Microsoft Visual Studio Solution File, Format Version 12.00
# Visual Studio Version 16
VisualStudioVersion = 16.0.29215.179
MinimumVisualStudioVersion = 10.0.40219.1
Project("{FAE04EC0-301F-11D3-BF4B-00C04F79EFBC}") = "EstateAgents.IMS", "EstateAgents.IMS\EstateAgents.IMS.csproj", "{74BFCFD0-0047-4EC2-8FE2-07D505A2F180}"
EndProject
Project("{FAE04EC0-301F-11D3-BF4B-00C04F79EFBC}") = "EstateAgents.IMS.Tests", "EstateAgents.IMS.Tests\EstateAgents.IMS.Tests.csproj", "{DDB7F558-5597-4B52-B2DA-311ACB331C11}"
EndProject
Global
	GlobalSection(SolutionConfigurationPlatforms) = preSolution
		Debug|Any CPU = Debug|Any CPU
		Release|Any CPU = Release|Any CPU
	EndGlobalSection
	GlobalSection(ProjectConfigurationPlatforms) = postSolution
		{74BFCFD0-0047-4EC2-8FE2-07D505A2F180}.Debug|Any CPU.ActiveCfg = Debug|Any CPU
		{74BFCFD0-0047-4EC2-8FE2-07D505A2F180}.Debug|Any CPU.Build.0 = Debug|Any CPU
		{74BFCFD0-0047-4EC2-8FE2-07D505A2F180}.Release|Any CPU.ActiveCfg = Release|Any CPU
		{74BFCFD0-0047-4EC2-8FE2-07D505A2F180}.Release|Any CPU.Build.0 = Release|Any CPU
		{DDB7F558-5597-4B52-B2DA-311ACB331C11}.Debug|Any CPU.ActiveCfg = Debug|Any CPU
		{DDB7F558-5597-4B52-B2DA-311ACB331C11}.Debug|Any CPU.Build.0 = Debug|Any CPU
		{DDB7F558-5597-4B52-B2DA-311ACB331C11}.Release|Any CPU.ActiveCfg = Release|Any CPU
		{DDB7F558-5597-4B52-B2DA-311ACB331C11}.Release|Any CPU.Build.0 = Release|Any CPU
	EndGlobalSection
	GlobalSection(SolutionProperties) = preSolution
		HideSolutionNode = FALSE
	EndGlobalSection
	GlobalSection(ExtensibilityGlobals) = postSolution
		SolutionGuid = {E3890654-8BBE-427F-893A-525E46D1DE8B}
	EndGlobalSection
EndGlobal
